// !$*UTF8*$!
{
	archiveVersion = 1;
	classes = {
	};
	objectVersion = 46;
	objects = {

/* Begin PBXBuildFile section */
		309F6F281E8D518A00F8DAF1 /* AppDelegate.swift in Sources */ = {isa = PBXBuildFile; fileRef = 309F6F271E8D518A00F8DAF1 /* AppDelegate.swift */; };
		309F6F2A1E8D518A00F8DAF1 /* ViewController.swift in Sources */ = {isa = PBXBuildFile; fileRef = 309F6F291E8D518A00F8DAF1 /* ViewController.swift */; };
		309F6F2D1E8D518A00F8DAF1 /* Main.storyboard in Resources */ = {isa = PBXBuildFile; fileRef = 309F6F2B1E8D518A00F8DAF1 /* Main.storyboard */; };
		309F6F2F1E8D518A00F8DAF1 /* Assets.xcassets in Resources */ = {isa = PBXBuildFile; fileRef = 309F6F2E1E8D518A00F8DAF1 /* Assets.xcassets */; };
		309F6F321E8D518A00F8DAF1 /* LaunchScreen.storyboard in Resources */ = {isa = PBXBuildFile; fileRef = 309F6F301E8D518A00F8DAF1 /* LaunchScreen.storyboard */; };
/* End PBXBuildFile section */

/* Begin PBXFileReference section */
		309F6F241E8D518A00F8DAF1 /* BUFFBeacon.app */ = {isa = PBXFileReference; explicitFileType = wrapper.application; includeInIndex = 0; path = BUFFBeacon.app; sourceTree = BUILT_PRODUCTS_DIR; };
		309F6F271E8D518A00F8DAF1 /* AppDelegate.swift */ = {isa = PBXFileReference; lastKnownFileType = sourcecode.swift; path = AppDelegate.swift; sourceTree = "<group>"; };
		309F6F291E8D518A00F8DAF1 /* ViewController.swift */ = {isa = PBXFileReference; lastKnownFileType = sourcecode.swift; path = ViewController.swift; sourceTree = "<group>"; };
		309F6F2C1E8D518A00F8DAF1 /* Base */ = {isa = PBXFileReference; lastKnownFileType = file.storyboard; name = Base; path = Base.lproj/Main.storyboard; sourceTree = "<group>"; };
		309F6F2E1E8D518A00F8DAF1 /* Assets.xcassets */ = {isa = PBXFileReference; lastKnownFileType = folder.assetcatalog; path = Assets.xcassets; sourceTree = "<group>"; };
		309F6F311E8D518A00F8DAF1 /* Base */ = {isa = PBXFileReference; lastKnownFileType = file.storyboard; name = Base; path = Base.lproj/LaunchScreen.storyboard; sourceTree = "<group>"; };
		309F6F331E8D518A00F8DAF1 /* Info.plist */ = {isa = PBXFileReference; lastKnownFileType = text.plist.xml; path = Info.plist; sourceTree = "<group>"; };
/* End PBXFileReference section */

/* Begin PBXFrameworksBuildPhase section */
		309F6F211E8D518A00F8DAF1 /* Frameworks */ = {
			isa = PBXFrameworksBuildPhase;
			buildActionMask = 2147483647;
			files = (
			);
			runOnlyForDeploymentPostprocessing = 0;
		};
/* End PBXFrameworksBuildPhase section */

/* Begin PBXGroup section */
		309F6F1B1E8D518A00F8DAF1 = {
			isa = PBXGroup;
			children = (
				309F6F261E8D518A00F8DAF1 /* BUFFBeacon */,
				309F6F251E8D518A00F8DAF1 /* Products */,
			);
			sourceTree = "<group>";
		};
		309F6F251E8D518A00F8DAF1 /* Products */ = {
			isa = PBXGroup;
			children = (
				309F6F241E8D518A00F8DAF1 /* BUFFBeacon.app */,
			);
			name = Products;
			sourceTree = "<group>";
		};
		309F6F261E8D518A00F8DAF1 /* BUFFBeacon */ = {
			isa = PBXGroup;
			children = (
				309F6F271E8D518A00F8DAF1 /* AppDelegate.swift */,
				309F6F291E8D518A00F8DAF1 /* ViewController.swift */,
				309F6F2B1E8D518A00F8DAF1 /* Main.storyboard */,
				309F6F2E1E8D518A00F8DAF1 /* Assets.xcassets */,
				309F6F301E8D518A00F8DAF1 /* LaunchScreen.storyboard */,
				309F6F331E8D518A00F8DAF1 /* Info.plist */,
			);
			path = BUFFBeacon;
			sourceTree = "<group>";
		};
/* End PBXGroup section */

/* Begin PBXNativeTarget section */
		309F6F231E8D518A00F8DAF1 /* BUFFBeacon */ = {
			isa = PBXNativeTarget;
			buildConfigurationList = 309F6F361E8D518A00F8DAF1 /* Build configuration list for PBXNativeTarget "BUFFBeacon" */;
			buildPhases = (
				309F6F201E8D518A00F8DAF1 /* Sources */,
				309F6F211E8D518A00F8DAF1 /* Frameworks */,
				309F6F221E8D518A00F8DAF1 /* Resources */,
			);
			buildRules = (
			);
			dependencies = (
			);
			name = BUFFBeacon;
			productName = BUFFBeacon;
			productReference = 309F6F241E8D518A00F8DAF1 /* BUFFBeacon.app */;
			productType = "com.apple.product-type.application";
		};
/* End PBXNativeTarget section */

/* Begin PBXProject section */
		309F6F1C1E8D518A00F8DAF1 /* Project object */ = {
			isa = PBXProject;
			attributes = {
				LastSwiftUpdateCheck = 0830;
				LastUpgradeCheck = 0830;
				ORGANIZATIONNAME = "Orkun Soylu";
				TargetAttributes = {
					309F6F231E8D518A00F8DAF1 = {
						CreatedOnToolsVersion = 8.3;
						DevelopmentTeam = A2HWYY7C6J;
						ProvisioningStyle = Automatic;
					};
				};
			};
			buildConfigurationList = 309F6F1F1E8D518A00F8DAF1 /* Build configuration list for PBXProject "BUFFBeacon" */;
			compatibilityVersion = "Xcode 3.2";
			developmentRegion = English;
			hasScannedForEncodings = 0;
			knownRegions = (
				en,
				Base,
			);
			mainGroup = 309F6F1B1E8D518A00F8DAF1;
			productRefGroup = 309F6F251E8D518A00F8DAF1 /* Products */;
			projectDirPath = "";
			projectRoot = "";
			targets = (
				309F6F231E8D518A00F8DAF1 /* BUFFBeacon */,
			);
		};
/* End PBXProject section */

/* Begin PBXResourcesBuildPhase section */
		309F6F221E8D518A00F8DAF1 /* Resources */ = {
			isa = PBXResourcesBuildPhase;
			buildActionMask = 2147483647;
			files = (
				309F6F321E8D518A00F8DAF1 /* LaunchScreen.storyboard in Resources */,
				309F6F2F1E8D518A00F8DAF1 /* Assets.xcassets in Resources */,
				309F6F2D1E8D518A00F8DAF1 /* Main.storyboard in Resources */,
			);
			runOnlyForDeploymentPostprocessing = 0;
		};
/* End PBXResourcesBuildPhase section */

/* Begin PBXSourcesBuildPhase section */
		309F6F201E8D518A00F8DAF1 /* Sources */ = {
			isa = PBXSourcesBuildPhase;
			buildActionMask = 2147483647;
			files = (
				309F6F2A1E8D518A00F8DAF1 /* ViewController.swift in Sources */,
				309F6F281E8D518A00F8DAF1 /* AppDelegate.swift in Sources */,
			);
			runOnlyForDeploymentPostprocessing = 0;
		};
/* End PBXSourcesBuildPhase section */

/* Begin PBXVariantGroup section */
		309F6F2B1E8D518A00F8DAF1 /* Main.storyboard */ = {
			isa = PBXVariantGroup;
			children = (
				309F6F2C1E8D518A00F8DAF1 /* Base */,
			);
			name = Main.storyboard;
			sourceTree = "<group>";
		};
		309F6F301E8D518A00F8DAF1 /* LaunchScreen.storyboard */ = {
			isa = PBXVariantGroup;
			children = (
				309F6F311E8D518A00F8DAF1 /* Base */,
			);
			name = LaunchScreen.storyboard;
			sourceTree = "<group>";
		};
/* End PBXVariantGroup section */

/* Begin XCBuildConfiguration section */
		309F6F341E8D518A00F8DAF1 /* Debug */ = {
			isa = XCBuildConfiguration;
			buildSettings = {
				ALWAYS_SEARCH_USER_PATHS = NO;
				CLANG_ANALYZER_NONNULL = YES;
				CLANG_ANALYZER_NUMBER_OBJECT_CONVERSION = YES_AGGRESSIVE;
				CLANG_CXX_LANGUAGE_STANDARD = "gnu++0x";
				CLANG_CXX_LIBRARY = "libc++";
				CLANG_ENABLE_MODULES = YES;
				CLANG_ENABLE_OBJC_ARC = YES;
				CLANG_WARN_BOOL_CONVERSION = YES;
				CLANG_WARN_CONSTANT_CONVERSION = YES;
				CLANG_WARN_DIRECT_OBJC_ISA_USAGE = YES_ERROR;
				CLANG_WARN_DOCUMENTATION_COMMENTS = YES;
				CLANG_WARN_EMPTY_BODY = YES;
				CLANG_WARN_ENUM_CONVERSION = YES;
				CLANG_WARN_INFINITE_RECURSION = YES;
				CLANG_WARN_INT_CONVERSION = YES;
				CLANG_WARN_OBJC_ROOT_CLASS = YES_ERROR;
				CLANG_WARN_SUSPICIOUS_MOVE = YES;
				CLANG_WARN_UNREACHABLE_CODE = YES;
				CLANG_WARN__DUPLICATE_METHOD_MATCH = YES;
				"CODE_SIGN_IDENTITY[sdk=iphoneos*]" = "iPhone Developer";
				COPY_PHASE_STRIP = NO;
				DEBUG_INFORMATION_FORMAT = dwarf;
				ENABLE_STRICT_OBJC_MSGSEND = YES;
				ENABLE_TESTABILITY = YES;
				GCC_C_LANGUAGE_STANDARD = gnu99;
				GCC_DYNAMIC_NO_PIC = NO;
				GCC_NO_COMMON_BLOCKS = YES;
				GCC_OPTIMIZATION_LEVEL = 0;
				GCC_PREPROCESSOR_DEFINITIONS = (
					"DEBUG=1",
					"$(inherited)",
				);
				GCC_WARN_64_TO_32_BIT_CONVERSION = YES;
				GCC_WARN_ABOUT_RETURN_TYPE = YES_ERROR;
				GCC_WARN_UNDECLARED_SELECTOR = YES;
				GCC_WARN_UNINITIALIZED_AUTOS = YES_AGGRESSIVE;
				GCC_WARN_UNUSED_FUNCTION = YES;
				GCC_WARN_UNUSED_VARIABLE = YES;
				IPHONEOS_DEPLOYMENT_TARGET = 10.3;
				MTL_ENABLE_DEBUG_INFO = YES;
				ONLY_ACTIVE_ARCH = YES;
				SDKROOT = iphoneos;
				SWIFT_ACTIVE_COMPILATION_CONDITIONS = DEBUG;
				SWIFT_OPTIMIZATION_LEVEL = "-Onone";
				TARGETED_DEVICE_FAMILY = "1,2";
			};
			name = Debug;
		};
		309F6F351E8D518A00F8DAF1 /* Release */ = {
			isa = XCBuildConfiguration;
			buildSettings = {
				ALWAYS_SEARCH_USER_PATHS = NO;
				CLANG_ANALYZER_NONNULL = YES;
				CLANG_ANALYZER_NUMBER_OBJECT_CONVERSION = YES_AGGRESSIVE;
				CLANG_CXX_LANGUAGE_STANDARD = "gnu++0x";
				CLANG_CXX_LIBRARY = "libc++";
				CLANG_ENABLE_MODULES = YES;
				CLANG_ENABLE_OBJC_ARC = YES;
				CLANG_WARN_BOOL_CONVERSION = YES;
				CLANG_WARN_CONSTANT_CONVERSION = YES;
				CLANG_WARN_DIRECT_OBJC_ISA_USAGE = YES_ERROR;
				CLANG_WARN_DOCUMENTATION_COMMENTS = YES;
				CLANG_WARN_EMPTY_BODY = YES;
				CLANG_WARN_ENUM_CONVERSION = YES;
				CLANG_WARN_INFINITE_RECURSION = YES;
				CLANG_WARN_INT_CONVERSION = YES;
				CLANG_WARN_OBJC_ROOT_CLASS = YES_ERROR;
				CLANG_WARN_SUSPICIOUS_MOVE = YES;
				CLANG_WARN_UNREACHABLE_CODE = YES;
				CLANG_WARN__DUPLICATE_METHOD_MATCH = YES;
				"CODE_SIGN_IDENTITY[sdk=iphoneos*]" = "iPhone Developer";
				COPY_PHASE_STRIP = NO;
				DEBUG_INFORMATION_FORMAT = "dwarf-with-dsym";
				ENABLE_NS_ASSERTIONS = NO;
				ENABLE_STRICT_OBJC_MSGSEND = YES;
				GCC_C_LANGUAGE_STANDARD = gnu99;
				GCC_NO_COMMON_BLOCKS = YES;
				GCC_WARN_64_TO_32_BIT_CONVERSION = YES;
				GCC_WARN_ABOUT_RETURN_TYPE = YES_ERROR;
				GCC_WARN_UNDECLARED_SELECTOR = YES;
				GCC_WARN_UNINITIALIZED_AUTOS = YES_AGGRESSIVE;
				GCC_WARN_UNUSED_FUNCTION = YES;
				GCC_WARN_UNUSED_VARIABLE = YES;
				IPHONEOS_DEPLOYMENT_TARGET = 10.3;
				MTL_ENABLE_DEBUG_INFO = NO;
				SDKROOT = iphoneos;
				SWIFT_OPTIMIZATION_LEVEL = "-Owholemodule";
				TARGETED_DEVICE_FAMILY = "1,2";
				VALIDATE_PRODUCT = YES;
			};
			name = Release;
		};
		309F6F371E8D518A00F8DAF1 /* Debug */ = {
			isa = XCBuildConfiguration;
			buildSettings = {
				ASSETCATALOG_COMPILER_APPICON_NAME = AppIcon;
				DEVELOPMENT_TEAM = A2HWYY7C6J;
				INFOPLIST_FILE = BUFFBeacon/Info.plist;
				LD_RUNPATH_SEARCH_PATHS = "$(inherited) @executable_path/Frameworks";
				PRODUCT_BUNDLE_IDENTIFIER = orkunsoylu.BUFFBeacon;
				PRODUCT_NAME = "$(TARGET_NAME)";
				SWIFT_VERSION = 3.0;
			};
			name = Debug;
		};
		309F6F381E8D518A00F8DAF1 /* Release */ = {
			isa = XCBuildConfiguration;
			buildSettings = {
				ASSETCATALOG_COMPILER_APPICON_NAME = AppIcon;
				DEVELOPMENT_TEAM = A2HWYY7C6J;
				INFOPLIST_FILE = BUFFBeacon/Info.plist;
				LD_RUNPATH_SEARCH_PATHS = "$(inherited) @executable_path/Frameworks";
				PRODUCT_BUNDLE_IDENTIFIER = orkunsoylu.BUFFBeacon;
				PRODUCT_NAME = "$(TARGET_NAME)";
				SWIFT_VERSION = 3.0;
			};
			name = Release;
		};
/* End XCBuildConfiguration section */

/* Begin XCConfigurationList section */
		309F6F1F1E8D518A00F8DAF1 /* Build configuration list for PBXProject "BUFFBeacon" */ = {
			isa = XCConfigurationList;
			buildConfigurations = (
				309F6F341E8D518A00F8DAF1 /* Debug */,
				309F6F351E8D518A00F8DAF1 /* Release */,
			);
			defaultConfigurationIsVisible = 0;
			defaultConfigurationName = Release;
		};
		309F6F361E8D518A00F8DAF1 /* Build configuration list for PBXNativeTarget "BUFFBeacon" */ = {
			isa = XCConfigurationList;
			buildConfigurations = (
				309F6F371E8D518A00F8DAF1 /* Debug */,
				309F6F381E8D518A00F8DAF1 /* Release */,
			);
			defaultConfigurationIsVisible = 0;
		};
/* End XCConfigurationList section */
	};
	rootObject = 309F6F1C1E8D518A00F8DAF1 /* Project object */;
}
